
Microsoft Visual Studio Solution File, Format Version 12.00
# Visual Studio Version 17
VisualStudioVersion = 17.9.34622.214
MinimumVisualStudioVersion = 10.0.40219.1
Project("{FAE04EC0-301F-11D3-BF4B-00C04F79EFBC}") = "Limb_Mission_11", "Limb_Mission_11.csproj", "{0920289F-26C8-4BA5-A8BE-79D223F36747}"
EndProject
Global
	GlobalSection(SolutionConfigurationPlatforms) = preSolution
		Debug|Any CPU = Debug|Any CPU
		Release|Any CPU = Release|Any CPU
	EndGlobalSection
	GlobalSection(ProjectConfigurationPlatforms) = postSolution
		{0920289F-26C8-4BA5-A8BE-79D223F36747}.Debug|Any CPU.ActiveCfg = Debug|Any CPU
		{0920289F-26C8-4BA5-A8BE-79D223F36747}.Debug|Any CPU.Build.0 = Debug|Any CPU
		{0920289F-26C8-4BA5-A8BE-79D223F36747}.Release|Any CPU.ActiveCfg = Release|Any CPU
		{0920289F-26C8-4BA5-A8BE-79D223F36747}.Release|Any CPU.Build.0 = Release|Any CPU
	EndGlobalSection
	GlobalSection(SolutionProperties) = preSolution
		HideSolutionNode = FALSE
	EndGlobalSection
	GlobalSection(ExtensibilityGlobals) = postSolution
		SolutionGuid = {6F8BFECA-DB0F-4D29-B6C2-E5890A0E6EC5}
	EndGlobalSection
EndGlobal
